
Microsoft Visual Studio Solution File, Format Version 12.00
# Visual Studio 2015
Project("{FAE04EC0-301F-11D3-BF4B-00C04F79EFBC}") = "Streamer Story NEW.CSharp", "Streamer Story NEW.CSharp.csproj", "{EDEE2E7D-E948-D5E7-67C6-577938976107}"
EndProject
Global
	GlobalSection(SolutionConfigurationPlatforms) = preSolution
		Debug|Any CPU = Debug|Any CPU
		Release|Any CPU = Release|Any CPU
	EndGlobalSection
	GlobalSection(ProjectConfigurationPlatforms) = postSolution
		{EDEE2E7D-E948-D5E7-67C6-577938976107}.Debug|Any CPU.ActiveCfg = Debug|Any CPU
		{EDEE2E7D-E948-D5E7-67C6-577938976107}.Debug|Any CPU.Build.0 = Debug|Any CPU
		{EDEE2E7D-E948-D5E7-67C6-577938976107}.Release|Any CPU.ActiveCfg = Release|Any CPU
		{EDEE2E7D-E948-D5E7-67C6-577938976107}.Release|Any CPU.Build.0 = Release|Any CPU
	EndGlobalSection
	GlobalSection(SolutionProperties) = preSolution
		HideSolutionNode = FALSE
	EndGlobalSection
EndGlobal
